
Microsoft Visual Studio Solution File, Format Version 12.00
# Visual Studio Version 16
VisualStudioVersion = 16.0.30804.86
MinimumVisualStudioVersion = 10.0.40219.1
Project("{2150E333-8FDC-42A3-9474-1A3956D46DE8}") = "Tests", "Tests", "{05D3ABCB-0B70-4889-B7DB-A22354DECC21}"
EndProject
Project("{9A19103F-16F7-4668-BE54-9A1E7A4F7556}") = "ISM_Vison.Modules.ModuleName.Tests", "ISM_Vison\Tests\ISM_Vison.Modules.ModuleName.Tests\ISM_Vison.Modules.ModuleName.Tests.csproj", "{3A0B1DC1-E633-403F-9F8A-F83C277537D2}"
EndProject
Project("{2150E333-8FDC-42A3-9474-1A3956D46DE8}") = "Modules", "Modules", "{046DA116-F346-4941-B990-A1AEF96140F5}"
EndProject
Project("{9A19103F-16F7-4668-BE54-9A1E7A4F7556}") = "ISM_Vison.Modules.ModuleName", "ISM_Vison\Modules\ISM_Vison.Modules.ModuleName\ISM_Vison.Modules.ModuleName.csproj", "{F71BCAC4-B70B-4321-8791-2742D5224C4B}"
EndProject
Project("{2150E333-8FDC-42A3-9474-1A3956D46DE8}") = "Services", "Services", "{84F576DA-5BEC-4B69-8A9C-A04F2DE9535D}"
EndProject
Project("{9A19103F-16F7-4668-BE54-9A1E7A4F7556}") = "ISM_Vison.Services", "ISM_Vison\Services\ISM_Vison.Services\ISM_Vison.Services.csproj", "{A3BA2C80-CE1F-4BBE-ACAB-014F66210073}"
EndProject
Project("{9A19103F-16F7-4668-BE54-9A1E7A4F7556}") = "ISM_Vison.Services.Interfaces", "ISM_Vison\Services\ISM_Vison.Services.Interfaces\ISM_Vison.Services.Interfaces.csproj", "{45594B35-F597-4F50-B551-5DDD9C90EE46}"
EndProject
Project("{9A19103F-16F7-4668-BE54-9A1E7A4F7556}") = "ISM_Vison", "ISM_Vison\ISM_Vison\ISM_Vison.csproj", "{A9F8C2A3-5595-40B1-BD1D-4661FAAB1D47}"
EndProject
Project("{9A19103F-16F7-4668-BE54-9A1E7A4F7556}") = "ISM_Vison.Core", "ISM_Vison\ISM_Vison.Core\ISM_Vison.Core.csproj", "{9F8F2353-D31A-436D-9549-FE42DD5A06C4}"
EndProject
Project("{2150E333-8FDC-42A3-9474-1A3956D46DE8}") = "Infrastructures", "Infrastructures", "{E266CC92-A5B1-499D-9DE4-0B68068F3D05}"
EndProject
Project("{FAE04EC0-301F-11D3-BF4B-00C04F79EFBC}") = "Infrastructure", "Infrastructure\Infrastructure.csproj", "{5E7626ED-9F60-4782-8BF4-D9DCAFE9330C}"
EndProject
Project("{FAE04EC0-301F-11D3-BF4B-00C04F79EFBC}") = "Sequence", "Sequence\Sequence.csproj", "{C152A284-4BBF-453E-9D1B-FD555B65CE70}"
EndProject
Project("{2150E333-8FDC-42A3-9474-1A3956D46DE8}") = "Camera", "Camera", "{35B954B5-B913-41AD-A58D-1DA416A9D84B}"
EndProject
Project("{FAE04EC0-301F-11D3-BF4B-00C04F79EFBC}") = "CameraD", "CameraD\CameraD.csproj", "{A451CEB2-CBA9-4930-8D53-93656487E4EB}"
EndProject
Project("{FAE04EC0-301F-11D3-BF4B-00C04F79EFBC}") = "Raw2Himage_CSharp", "MVS\Raw2Himage_CSharp\Raw2Himage_CSharp.csproj", "{2BCE3C20-B152-4174-BFB9-2C397F0637E4}"
EndProject
Global
	GlobalSection(SolutionConfigurationPlatforms) = preSolution
		Debug|Any CPU = Debug|Any CPU
		Debug|x64 = Debug|x64
		Debug|x86 = Debug|x86
		Release|Any CPU = Release|Any CPU
		Release|x64 = Release|x64
		Release|x86 = Release|x86
	EndGlobalSection
	GlobalSection(ProjectConfigurationPlatforms) = postSolution
		{3A0B1DC1-E633-403F-9F8A-F83C277537D2}.Debug|Any CPU.ActiveCfg = Debug|Any CPU
		{3A0B1DC1-E633-403F-9F8A-F83C277537D2}.Debug|Any CPU.Build.0 = Debug|Any CPU
		{3A0B1DC1-E633-403F-9F8A-F83C277537D2}.Debug|x64.ActiveCfg = Debug|Any CPU
		{3A0B1DC1-E633-403F-9F8A-F83C277537D2}.Debug|x64.Build.0 = Debug|Any CPU
		{3A0B1DC1-E633-403F-9F8A-F83C277537D2}.Debug|x86.ActiveCfg = Debug|Any CPU
		{3A0B1DC1-E633-403F-9F8A-F83C277537D2}.Debug|x86.Build.0 = Debug|Any CPU
		{3A0B1DC1-E633-403F-9F8A-F83C277537D2}.Release|Any CPU.ActiveCfg = Release|Any CPU
		{3A0B1DC1-E633-403F-9F8A-F83C277537D2}.Release|Any CPU.Build.0 = Release|Any CPU
		{3A0B1DC1-E633-403F-9F8A-F83C277537D2}.Release|x64.ActiveCfg = Release|Any CPU
		{3A0B1DC1-E633-403F-9F8A-F83C277537D2}.Release|x64.Build.0 = Release|Any CPU
		{3A0B1DC1-E633-403F-9F8A-F83C277537D2}.Release|x86.ActiveCfg = Release|Any CPU
		{3A0B1DC1-E633-403F-9F8A-F83C277537D2}.Release|x86.Build.0 = Release|Any CPU
		{F71BCAC4-B70B-4321-8791-2742D5224C4B}.Debug|Any CPU.ActiveCfg = Debug|Any CPU
		{F71BCAC4-B70B-4321-8791-2742D5224C4B}.Debug|Any CPU.Build.0 = Debug|Any CPU
		{F71BCAC4-B70B-4321-8791-2742D5224C4B}.Debug|x64.ActiveCfg = Debug|Any CPU
		{F71BCAC4-B70B-4321-8791-2742D5224C4B}.Debug|x64.Build.0 = Debug|Any CPU
		{F71BCAC4-B70B-4321-8791-2742D5224C4B}.Debug|x86.ActiveCfg = Debug|Any CPU
		{F71BCAC4-B70B-4321-8791-2742D5224C4B}.Debug|x86.Build.0 = Debug|Any CPU
		{F71BCAC4-B70B-4321-8791-2742D5224C4B}.Release|Any CPU.ActiveCfg = Release|Any CPU
		{F71BCAC4-B70B-4321-8791-2742D5224C4B}.Release|Any CPU.Build.0 = Release|Any CPU
		{F71BCAC4-B70B-4321-8791-2742D5224C4B}.Release|x64.ActiveCfg = Release|Any CPU
		{F71BCAC4-B70B-4321-8791-2742D5224C4B}.Release|x64.Build.0 = Release|Any CPU
		{F71BCAC4-B70B-4321-8791-2742D5224C4B}.Release|x86.ActiveCfg = Release|Any CPU
		{F71BCAC4-B70B-4321-8791-2742D5224C4B}.Release|x86.Build.0 = Release|Any CPU
		{A3BA2C80-CE1F-4BBE-ACAB-014F66210073}.Debug|Any CPU.ActiveCfg = Debug|Any CPU
		{A3BA2C80-CE1F-4BBE-ACAB-014F66210073}.Debug|Any CPU.Build.0 = Debug|Any CPU
		{A3BA2C80-CE1F-4BBE-ACAB-014F66210073}.Debug|x64.ActiveCfg = Debug|Any CPU
		{A3BA2C80-CE1F-4BBE-ACAB-014F66210073}.Debug|x64.Build.0 = Debug|Any CPU
		{A3BA2C80-CE1F-4BBE-ACAB-014F66210073}.Debug|x86.ActiveCfg = Debug|Any CPU
		{A3BA2C80-CE1F-4BBE-ACAB-014F66210073}.Debug|x86.Build.0 = Debug|Any CPU
		{A3BA2C80-CE1F-4BBE-ACAB-014F66210073}.Release|Any CPU.ActiveCfg = Release|Any CPU
		{A3BA2C80-CE1F-4BBE-ACAB-014F66210073}.Release|Any CPU.Build.0 = Release|Any CPU
		{A3BA2C80-CE1F-4BBE-ACAB-014F66210073}.Release|x64.ActiveCfg = Release|Any CPU
		{A3BA2C80-CE1F-4BBE-ACAB-014F66210073}.Release|x64.Build.0 = Release|Any CPU
		{A3BA2C80-CE1F-4BBE-ACAB-014F66210073}.Release|x86.ActiveCfg = Release|Any CPU
		{A3BA2C80-CE1F-4BBE-ACAB-014F66210073}.Release|x86.Build.0 = Release|Any CPU
		{45594B35-F597-4F50-B551-5DDD9C90EE46}.Debug|Any CPU.ActiveCfg = Debug|Any CPU
		{45594B35-F597-4F50-B551-5DDD9C90EE46}.Debug|Any CPU.Build.0 = Debug|Any CPU
		{45594B35-F597-4F50-B551-5DDD9C90EE46}.Debug|x64.ActiveCfg = Debug|Any CPU
		{45594B35-F597-4F50-B551-5DDD9C90EE46}.Debug|x64.Build.0 = Debug|Any CPU
		{45594B35-F597-4F50-B551-5DDD9C90EE46}.Debug|x86.ActiveCfg = Debug|Any CPU
		{45594B35-F597-4F50-B551-5DDD9C90EE46}.Debug|x86.Build.0 = Debug|Any CPU
		{45594B35-F597-4F50-B551-5DDD9C90EE46}.Release|Any CPU.ActiveCfg = Release|Any CPU
		{45594B35-F597-4F50-B551-5DDD9C90EE46}.Release|Any CPU.Build.0 = Release|Any CPU
		{45594B35-F597-4F50-B551-5DDD9C90EE46}.Release|x64.ActiveCfg = Release|Any CPU
		{45594B35-F597-4F50-B551-5DDD9C90EE46}.Release|x64.Build.0 = Release|Any CPU
		{45594B35-F597-4F50-B551-5DDD9C90EE46}.Release|x86.ActiveCfg = Release|Any CPU
		{45594B35-F597-4F50-B551-5DDD9C90EE46}.Release|x86.Build.0 = Release|Any CPU
		{A9F8C2A3-5595-40B1-BD1D-4661FAAB1D47}.Debug|Any CPU.ActiveCfg = Debug|Any CPU
		{A9F8C2A3-5595-40B1-BD1D-4661FAAB1D47}.Debug|Any CPU.Build.0 = Debug|Any CPU
		{A9F8C2A3-5595-40B1-BD1D-4661FAAB1D47}.Debug|x64.ActiveCfg = Debug|Any CPU
		{A9F8C2A3-5595-40B1-BD1D-4661FAAB1D47}.Debug|x64.Build.0 = Debug|Any CPU
		{A9F8C2A3-5595-40B1-BD1D-4661FAAB1D47}.Debug|x86.ActiveCfg = Debug|Any CPU
		{A9F8C2A3-5595-40B1-BD1D-4661FAAB1D47}.Debug|x86.Build.0 = Debug|Any CPU
		{A9F8C2A3-5595-40B1-BD1D-4661FAAB1D47}.Release|Any CPU.ActiveCfg = Release|Any CPU
		{A9F8C2A3-5595-40B1-BD1D-4661FAAB1D47}.Release|Any CPU.Build.0 = Release|Any CPU
		{A9F8C2A3-5595-40B1-BD1D-4661FAAB1D47}.Release|x64.ActiveCfg = Release|Any CPU
		{A9F8C2A3-5595-40B1-BD1D-4661FAAB1D47}.Release|x64.Build.0 = Release|Any CPU
		{A9F8C2A3-5595-40B1-BD1D-4661FAAB1D47}.Release|x86.ActiveCfg = Release|Any CPU
		{A9F8C2A3-5595-40B1-BD1D-4661FAAB1D47}.Release|x86.Build.0 = Release|Any CPU
		{9F8F2353-D31A-436D-9549-FE42DD5A06C4}.Debug|Any CPU.ActiveCfg = Debug|Any CPU
		{9F8F2353-D31A-436D-9549-FE42DD5A06C4}.Debug|Any CPU.Build.0 = Debug|Any CPU
		{9F8F2353-D31A-436D-9549-FE42DD5A06C4}.Debug|x64.ActiveCfg = Debug|Any CPU
		{9F8F2353-D31A-436D-9549-FE42DD5A06C4}.Debug|x64.Build.0 = Debug|Any CPU
		{9F8F2353-D31A-436D-9549-FE42DD5A06C4}.Debug|x86.ActiveCfg = Debug|Any CPU
		{9F8F2353-D31A-436D-9549-FE42DD5A06C4}.Debug|x86.Build.0 = Debug|Any CPU
		{9F8F2353-D31A-436D-9549-FE42DD5A06C4}.Release|Any CPU.ActiveCfg = Release|Any CPU
		{9F8F2353-D31A-436D-9549-FE42DD5A06C4}.Release|Any CPU.Build.0 = Release|Any CPU
		{9F8F2353-D31A-436D-9549-FE42DD5A06C4}.Release|x64.ActiveCfg = Release|Any CPU
		{9F8F2353-D31A-436D-9549-FE42DD5A06C4}.Release|x64.Build.0 = Release|Any CPU
		{9F8F2353-D31A-436D-9549-FE42DD5A06C4}.Release|x86.ActiveCfg = Release|Any CPU
		{9F8F2353-D31A-436D-9549-FE42DD5A06C4}.Release|x86.Build.0 = Release|Any CPU
		{5E7626ED-9F60-4782-8BF4-D9DCAFE9330C}.Debug|Any CPU.ActiveCfg = Debug|Any CPU
		{5E7626ED-9F60-4782-8BF4-D9DCAFE9330C}.Debug|Any CPU.Build.0 = Debug|Any CPU
		{5E7626ED-9F60-4782-8BF4-D9DCAFE9330C}.Debug|x64.ActiveCfg = Debug|Any CPU
		{5E7626ED-9F60-4782-8BF4-D9DCAFE9330C}.Debug|x64.Build.0 = Debug|Any CPU
		{5E7626ED-9F60-4782-8BF4-D9DCAFE9330C}.Debug|x86.ActiveCfg = Debug|Any CPU
		{5E7626ED-9F60-4782-8BF4-D9DCAFE9330C}.Debug|x86.Build.0 = Debug|Any CPU
		{5E7626ED-9F60-4782-8BF4-D9DCAFE9330C}.Release|Any CPU.ActiveCfg = Release|Any CPU
		{5E7626ED-9F60-4782-8BF4-D9DCAFE9330C}.Release|Any CPU.Build.0 = Release|Any CPU
		{5E7626ED-9F60-4782-8BF4-D9DCAFE9330C}.Release|x64.ActiveCfg = Release|Any CPU
		{5E7626ED-9F60-4782-8BF4-D9DCAFE9330C}.Release|x64.Build.0 = Release|Any CPU
		{5E7626ED-9F60-4782-8BF4-D9DCAFE9330C}.Release|x86.ActiveCfg = Release|Any CPU
		{5E7626ED-9F60-4782-8BF4-D9DCAFE9330C}.Release|x86.Build.0 = Release|Any CPU
		{C152A284-4BBF-453E-9D1B-FD555B65CE70}.Debug|Any CPU.ActiveCfg = Debug|Any CPU
		{C152A284-4BBF-453E-9D1B-FD555B65CE70}.Debug|Any CPU.Build.0 = Debug|Any CPU
		{C152A284-4BBF-453E-9D1B-FD555B65CE70}.Debug|x64.ActiveCfg = Debug|Any CPU
		{C152A284-4BBF-453E-9D1B-FD555B65CE70}.Debug|x64.Build.0 = Debug|Any CPU
		{C152A284-4BBF-453E-9D1B-FD555B65CE70}.Debug|x86.ActiveCfg = Debug|Any CPU
		{C152A284-4BBF-453E-9D1B-FD555B65CE70}.Debug|x86.Build.0 = Debug|Any CPU
		{C152A284-4BBF-453E-9D1B-FD555B65CE70}.Release|Any CPU.ActiveCfg = Release|Any CPU
		{C152A284-4BBF-453E-9D1B-FD555B65CE70}.Release|Any CPU.Build.0 = Release|Any CPU
		{C152A284-4BBF-453E-9D1B-FD555B65CE70}.Release|x64.ActiveCfg = Release|Any CPU
		{C152A284-4BBF-453E-9D1B-FD555B65CE70}.Release|x64.Build.0 = Release|Any CPU
		{C152A284-4BBF-453E-9D1B-FD555B65CE70}.Release|x86.ActiveCfg = Release|Any CPU
		{C152A284-4BBF-453E-9D1B-FD555B65CE70}.Release|x86.Build.0 = Release|Any CPU
		{A451CEB2-CBA9-4930-8D53-93656487E4EB}.Debug|Any CPU.ActiveCfg = Debug|Any CPU
		{A451CEB2-CBA9-4930-8D53-93656487E4EB}.Debug|Any CPU.Build.0 = Debug|Any CPU
		{A451CEB2-CBA9-4930-8D53-93656487E4EB}.Debug|x64.ActiveCfg = Debug|Any CPU
		{A451CEB2-CBA9-4930-8D53-93656487E4EB}.Debug|x64.Build.0 = Debug|Any CPU
		{A451CEB2-CBA9-4930-8D53-93656487E4EB}.Debug|x86.ActiveCfg = Debug|Any CPU
		{A451CEB2-CBA9-4930-8D53-93656487E4EB}.Debug|x86.Build.0 = Debug|Any CPU
		{A451CEB2-CBA9-4930-8D53-93656487E4EB}.Release|Any CPU.ActiveCfg = Release|Any CPU
		{A451CEB2-CBA9-4930-8D53-93656487E4EB}.Release|Any CPU.Build.0 = Release|Any CPU
		{A451CEB2-CBA9-4930-8D53-93656487E4EB}.Release|x64.ActiveCfg = Release|Any CPU
		{A451CEB2-CBA9-4930-8D53-93656487E4EB}.Release|x64.Build.0 = Release|Any CPU
		{A451CEB2-CBA9-4930-8D53-93656487E4EB}.Release|x86.ActiveCfg = Release|Any CPU
		{A451CEB2-CBA9-4930-8D53-93656487E4EB}.Release|x86.Build.0 = Release|Any CPU
		{2BCE3C20-B152-4174-BFB9-2C397F0637E4}.Debug|Any CPU.ActiveCfg = Debug|Any CPU
		{2BCE3C20-B152-4174-BFB9-2C397F0637E4}.Debug|Any CPU.Build.0 = Debug|Any CPU
		{2BCE3C20-B152-4174-BFB9-2C397F0637E4}.Debug|x64.ActiveCfg = Debug|x64
		{2BCE3C20-B152-4174-BFB9-2C397F0637E4}.Debug|x64.Build.0 = Debug|x64
		{2BCE3C20-B152-4174-BFB9-2C397F0637E4}.Debug|x86.ActiveCfg = Debug|x86
		{2BCE3C20-B152-4174-BFB9-2C397F0637E4}.Debug|x86.Build.0 = Debug|x86
		{2BCE3C20-B152-4174-BFB9-2C397F0637E4}.Release|Any CPU.ActiveCfg = Release|Any CPU
		{2BCE3C20-B152-4174-BFB9-2C397F0637E4}.Release|Any CPU.Build.0 = Release|Any CPU
		{2BCE3C20-B152-4174-BFB9-2C397F0637E4}.Release|x64.ActiveCfg = Release|x64
		{2BCE3C20-B152-4174-BFB9-2C397F0637E4}.Release|x64.Build.0 = Release|x64
		{2BCE3C20-B152-4174-BFB9-2C397F0637E4}.Release|x86.ActiveCfg = Release|x86
		{2BCE3C20-B152-4174-BFB9-2C397F0637E4}.Release|x86.Build.0 = Release|x86
	EndGlobalSection
	GlobalSection(SolutionProperties) = preSolution
		HideSolutionNode = FALSE
	EndGlobalSection
	GlobalSection(NestedProjects) = preSolution
		{3A0B1DC1-E633-403F-9F8A-F83C277537D2} = {05D3ABCB-0B70-4889-B7DB-A22354DECC21}
		{F71BCAC4-B70B-4321-8791-2742D5224C4B} = {046DA116-F346-4941-B990-A1AEF96140F5}
		{A3BA2C80-CE1F-4BBE-ACAB-014F66210073} = {84F576DA-5BEC-4B69-8A9C-A04F2DE9535D}
		{45594B35-F597-4F50-B551-5DDD9C90EE46} = {84F576DA-5BEC-4B69-8A9C-A04F2DE9535D}
		{5E7626ED-9F60-4782-8BF4-D9DCAFE9330C} = {E266CC92-A5B1-499D-9DE4-0B68068F3D05}
		{C152A284-4BBF-453E-9D1B-FD555B65CE70} = {046DA116-F346-4941-B990-A1AEF96140F5}
		{A451CEB2-CBA9-4930-8D53-93656487E4EB} = {35B954B5-B913-41AD-A58D-1DA416A9D84B}
		{2BCE3C20-B152-4174-BFB9-2C397F0637E4} = {35B954B5-B913-41AD-A58D-1DA416A9D84B}
	EndGlobalSection
	GlobalSection(ExtensibilityGlobals) = postSolution
		SolutionGuid = {0F598299-6EDF-418E-95E0-FE700A6B8BEC}
	EndGlobalSection
EndGlobal
