
Microsoft Visual Studio Solution File, Format Version 12.00
# Visual Studio Version 16
VisualStudioVersion = 16.0.30804.86
MinimumVisualStudioVersion = 10.0.40219.1
Project("{9A19103F-16F7-4668-BE54-9A1E7A4F7556}") = "ISM_Vison", "ISM_Vison\ISM_Vison\ISM_Vison.csproj", "{A9F8C2A3-5595-40B1-BD1D-4661FAAB1D47}"
EndProject
Project("{9A19103F-16F7-4668-BE54-9A1E7A4F7556}") = "ISM_Vison.Core", "ISM_Vison\ISM_Vison.Core\ISM_Vison.Core.csproj", "{9F8F2353-D31A-436D-9549-FE42DD5A06C4}"
EndProject
Project("{2150E333-8FDC-42A3-9474-1A3956D46DE8}") = "Camera", "Camera", "{35B954B5-B913-41AD-A58D-1DA416A9D84B}"
EndProject
Project("{9A19103F-16F7-4668-BE54-9A1E7A4F7556}") = "CameraD", "CameraD\CameraD.csproj", "{A451CEB2-CBA9-4930-8D53-93656487E4EB}"
EndProject
Project("{FAE04EC0-301F-11D3-BF4B-00C04F79EFBC}") = "MVSHalconWindow", "MVSHalconWindow\MVSHalconWindow.csproj", "{03BE25B9-9E08-4BCF-82DE-550293CCA520}"
EndProject
Project("{9A19103F-16F7-4668-BE54-9A1E7A4F7556}") = "Infrastructure", "Infrastructure\Infrastructure.csproj", "{7526E40D-8ED6-4D3C-AD7E-F4BFB8797FA8}"
EndProject
Global
	GlobalSection(SolutionConfigurationPlatforms) = preSolution
		Debug|Any CPU = Debug|Any CPU
		Debug|x64 = Debug|x64
		Debug|x86 = Debug|x86
		Release|Any CPU = Release|Any CPU
		Release|x64 = Release|x64
		Release|x86 = Release|x86
	EndGlobalSection
	GlobalSection(ProjectConfigurationPlatforms) = postSolution
		{A9F8C2A3-5595-40B1-BD1D-4661FAAB1D47}.Debug|Any CPU.ActiveCfg = Debug|Any CPU
		{A9F8C2A3-5595-40B1-BD1D-4661FAAB1D47}.Debug|Any CPU.Build.0 = Debug|Any CPU
		{A9F8C2A3-5595-40B1-BD1D-4661FAAB1D47}.Debug|x64.ActiveCfg = Debug|Any CPU
		{A9F8C2A3-5595-40B1-BD1D-4661FAAB1D47}.Debug|x64.Build.0 = Debug|Any CPU
		{A9F8C2A3-5595-40B1-BD1D-4661FAAB1D47}.Debug|x86.ActiveCfg = Debug|Any CPU
		{A9F8C2A3-5595-40B1-BD1D-4661FAAB1D47}.Debug|x86.Build.0 = Debug|Any CPU
		{A9F8C2A3-5595-40B1-BD1D-4661FAAB1D47}.Release|Any CPU.ActiveCfg = Release|Any CPU
		{A9F8C2A3-5595-40B1-BD1D-4661FAAB1D47}.Release|Any CPU.Build.0 = Release|Any CPU
		{A9F8C2A3-5595-40B1-BD1D-4661FAAB1D47}.Release|x64.ActiveCfg = Release|Any CPU
		{A9F8C2A3-5595-40B1-BD1D-4661FAAB1D47}.Release|x64.Build.0 = Release|Any CPU
		{A9F8C2A3-5595-40B1-BD1D-4661FAAB1D47}.Release|x86.ActiveCfg = Release|Any CPU
		{A9F8C2A3-5595-40B1-BD1D-4661FAAB1D47}.Release|x86.Build.0 = Release|Any CPU
		{9F8F2353-D31A-436D-9549-FE42DD5A06C4}.Debug|Any CPU.ActiveCfg = Debug|Any CPU
		{9F8F2353-D31A-436D-9549-FE42DD5A06C4}.Debug|Any CPU.Build.0 = Debug|Any CPU
		{9F8F2353-D31A-436D-9549-FE42DD5A06C4}.Debug|x64.ActiveCfg = Debug|Any CPU
		{9F8F2353-D31A-436D-9549-FE42DD5A06C4}.Debug|x64.Build.0 = Debug|Any CPU
		{9F8F2353-D31A-436D-9549-FE42DD5A06C4}.Debug|x86.ActiveCfg = Debug|Any CPU
		{9F8F2353-D31A-436D-9549-FE42DD5A06C4}.Debug|x86.Build.0 = Debug|Any CPU
		{9F8F2353-D31A-436D-9549-FE42DD5A06C4}.Release|Any CPU.ActiveCfg = Release|Any CPU
		{9F8F2353-D31A-436D-9549-FE42DD5A06C4}.Release|Any CPU.Build.0 = Release|Any CPU
		{9F8F2353-D31A-436D-9549-FE42DD5A06C4}.Release|x64.ActiveCfg = Release|Any CPU
		{9F8F2353-D31A-436D-9549-FE42DD5A06C4}.Release|x64.Build.0 = Release|Any CPU
		{9F8F2353-D31A-436D-9549-FE42DD5A06C4}.Release|x86.ActiveCfg = Release|Any CPU
		{9F8F2353-D31A-436D-9549-FE42DD5A06C4}.Release|x86.Build.0 = Release|Any CPU
		{A451CEB2-CBA9-4930-8D53-93656487E4EB}.Debug|Any CPU.ActiveCfg = Debug|Any CPU
		{A451CEB2-CBA9-4930-8D53-93656487E4EB}.Debug|Any CPU.Build.0 = Debug|Any CPU
		{A451CEB2-CBA9-4930-8D53-93656487E4EB}.Debug|x64.ActiveCfg = Debug|Any CPU
		{A451CEB2-CBA9-4930-8D53-93656487E4EB}.Debug|x64.Build.0 = Debug|Any CPU
		{A451CEB2-CBA9-4930-8D53-93656487E4EB}.Debug|x86.ActiveCfg = Debug|Any CPU
		{A451CEB2-CBA9-4930-8D53-93656487E4EB}.Debug|x86.Build.0 = Debug|Any CPU
		{A451CEB2-CBA9-4930-8D53-93656487E4EB}.Release|Any CPU.ActiveCfg = Release|Any CPU
		{A451CEB2-CBA9-4930-8D53-93656487E4EB}.Release|Any CPU.Build.0 = Release|Any CPU
		{A451CEB2-CBA9-4930-8D53-93656487E4EB}.Release|x64.ActiveCfg = Release|Any CPU
		{A451CEB2-CBA9-4930-8D53-93656487E4EB}.Release|x64.Build.0 = Release|Any CPU
		{A451CEB2-CBA9-4930-8D53-93656487E4EB}.Release|x86.ActiveCfg = Release|Any CPU
		{A451CEB2-CBA9-4930-8D53-93656487E4EB}.Release|x86.Build.0 = Release|Any CPU
		{03BE25B9-9E08-4BCF-82DE-550293CCA520}.Debug|Any CPU.ActiveCfg = Debug|Any CPU
		{03BE25B9-9E08-4BCF-82DE-550293CCA520}.Debug|Any CPU.Build.0 = Debug|Any CPU
		{03BE25B9-9E08-4BCF-82DE-550293CCA520}.Debug|x64.ActiveCfg = Debug|Any CPU
		{03BE25B9-9E08-4BCF-82DE-550293CCA520}.Debug|x64.Build.0 = Debug|Any CPU
		{03BE25B9-9E08-4BCF-82DE-550293CCA520}.Debug|x86.ActiveCfg = Debug|Any CPU
		{03BE25B9-9E08-4BCF-82DE-550293CCA520}.Debug|x86.Build.0 = Debug|Any CPU
		{03BE25B9-9E08-4BCF-82DE-550293CCA520}.Release|Any CPU.ActiveCfg = Release|Any CPU
		{03BE25B9-9E08-4BCF-82DE-550293CCA520}.Release|Any CPU.Build.0 = Release|Any CPU
		{03BE25B9-9E08-4BCF-82DE-550293CCA520}.Release|x64.ActiveCfg = Release|Any CPU
		{03BE25B9-9E08-4BCF-82DE-550293CCA520}.Release|x64.Build.0 = Release|Any CPU
		{03BE25B9-9E08-4BCF-82DE-550293CCA520}.Release|x86.ActiveCfg = Release|Any CPU
		{03BE25B9-9E08-4BCF-82DE-550293CCA520}.Release|x86.Build.0 = Release|Any CPU
		{7526E40D-8ED6-4D3C-AD7E-F4BFB8797FA8}.Debug|Any CPU.ActiveCfg = Debug|Any CPU
		{7526E40D-8ED6-4D3C-AD7E-F4BFB8797FA8}.Debug|Any CPU.Build.0 = Debug|Any CPU
		{7526E40D-8ED6-4D3C-AD7E-F4BFB8797FA8}.Debug|x64.ActiveCfg = Debug|Any CPU
		{7526E40D-8ED6-4D3C-AD7E-F4BFB8797FA8}.Debug|x64.Build.0 = Debug|Any CPU
		{7526E40D-8ED6-4D3C-AD7E-F4BFB8797FA8}.Debug|x86.ActiveCfg = Debug|Any CPU
		{7526E40D-8ED6-4D3C-AD7E-F4BFB8797FA8}.Debug|x86.Build.0 = Debug|Any CPU
		{7526E40D-8ED6-4D3C-AD7E-F4BFB8797FA8}.Release|Any CPU.ActiveCfg = Release|Any CPU
		{7526E40D-8ED6-4D3C-AD7E-F4BFB8797FA8}.Release|Any CPU.Build.0 = Release|Any CPU
		{7526E40D-8ED6-4D3C-AD7E-F4BFB8797FA8}.Release|x64.ActiveCfg = Release|Any CPU
		{7526E40D-8ED6-4D3C-AD7E-F4BFB8797FA8}.Release|x64.Build.0 = Release|Any CPU
		{7526E40D-8ED6-4D3C-AD7E-F4BFB8797FA8}.Release|x86.ActiveCfg = Release|Any CPU
		{7526E40D-8ED6-4D3C-AD7E-F4BFB8797FA8}.Release|x86.Build.0 = Release|Any CPU
	EndGlobalSection
	GlobalSection(SolutionProperties) = preSolution
		HideSolutionNode = FALSE
	EndGlobalSection
	GlobalSection(NestedProjects) = preSolution
		{A451CEB2-CBA9-4930-8D53-93656487E4EB} = {35B954B5-B913-41AD-A58D-1DA416A9D84B}
		{03BE25B9-9E08-4BCF-82DE-550293CCA520} = {35B954B5-B913-41AD-A58D-1DA416A9D84B}
	EndGlobalSection
	GlobalSection(ExtensibilityGlobals) = postSolution
		SolutionGuid = {0F598299-6EDF-418E-95E0-FE700A6B8BEC}
	EndGlobalSection
EndGlobal
